{
  "version": 4,
  "terraform_version": "0.12.7",
  "serial": 1,
  "lineage": "19249665-a119-cbfe-3a67-e9cda699b2b1",
  "outputs": {},
  "resources": [
    {
      "mode": "managed",
      "type": "google_compute_instance",
      "name": "vm1",
      "provider": "provider.google",
      "instances": [
        {
          "schema_version": 6,
          "attributes": {
            "allow_stopping_for_update": null,
            "attached_disk": [],
            "boot_disk": [
              {
                "auto_delete": true,
                "device_name": "persistent-disk-0",
                "disk_encryption_key_raw": "",
                "disk_encryption_key_sha256": "",
                "initialize_params": [
                  {
                    "image": "https://www.googleapis.com/compute/v1/projects/debian-cloud/global/images/debian-9-stretch-v20200521",
                    "labels": {},
                    "size": 20,
                    "type": "pd-standard"
                  }
                ],
                "kms_key_self_link": "",
                "mode": "READ_WRITE",
                "source": "https://www.googleapis.com/compute/v1/projects/ops-poc/zones/us-central1-a/disks/my-terraform-instance"
              }
            ],
            "can_ip_forward": false,
            "cpu_platform": "Intel Haswell",
            "current_status": "RUNNING",
            "deletion_protection": false,
            "description": "",
            "desired_status": null,
            "enable_display": false,
            "guest_accelerator": [],
            "hostname": "",
            "id": "projects/ops-poc/zones/us-central1-a/instances/my-terraform-instance",
            "instance_id": "606328970647594324",
            "label_fingerprint": "42WmSpB8rSM=",
            "labels": null,
            "machine_type": "n1-standard-1",
            "metadata": {
              "foo": "bar"
            },
            "metadata_fingerprint": "zMC1cJyIpjM=",
            "metadata_startup_script": "",
            "min_cpu_platform": "",
            "name": "my-terraform-instance",
            "network_interface": [
              {
                "access_config": [
                  {
                    "nat_ip": "35.239.160.71",
                    "network_tier": "PREMIUM",
                    "public_ptr_domain_name": ""
                  }
                ],
                "alias_ip_range": [],
                "name": "nic0",
                "network": "https://www.googleapis.com/compute/v1/projects/ops-poc/global/networks/default",
                "network_ip": "10.128.0.27",
                "subnetwork": "https://www.googleapis.com/compute/v1/projects/ops-poc/regions/us-central1/subnetworks/default",
                "subnetwork_project": "ops-poc"
              }
            ],
            "project": "ops-poc",
            "resource_policies": null,
            "scheduling": [
              {
                "automatic_restart": true,
                "node_affinities": [],
                "on_host_maintenance": "MIGRATE",
                "preemptible": false
              }
            ],
            "scratch_disk": [],
            "self_link": "https://www.googleapis.com/compute/v1/projects/ops-poc/zones/us-central1-a/instances/my-terraform-instance",
            "service_account": [
              {
                "email": "70472198761-compute@developer.gserviceaccount.com",
                "scopes": [
                  "https://www.googleapis.com/auth/compute"
                ]
              }
            ],
            "shielded_instance_config": [],
            "tags": [
              "no-ip"
            ],
            "tags_fingerprint": "76jL_jN2Vts=",
            "timeouts": null,
            "zone": "us-central1-a"
          },
          "private": "eyJlMmJmYjczMC1lY2FhLTExZTYtOGY4OC0zNDM2M2JjN2M0YzAiOnsiY3JlYXRlIjoxMjAwMDAwMDAwMDAwLCJkZWxldGUiOjEyMDAwMDAwMDAwMDAsInVwZGF0ZSI6MTIwMDAwMDAwMDAwMH0sInNjaGVtYV92ZXJzaW9uIjoiNiJ9"
        }
      ]
    }
  ]
}
